
Microsoft Visual Studio Solution File, Format Version 12.00
# Visual Studio Version 17
VisualStudioVersion = 17.14.36310.24 d17.14
MinimumVisualStudioVersion = 10.0.40219.1
Project("{FAE04EC0-301F-11D3-BF4B-00C04F79EFBC}") = "Favorite Fruit Counter", "Favorite Fruit Counter.csproj", "{D70AACEC-D324-4E7E-8F42-ACFA915AE843}"
EndProject
Global
	GlobalSection(SolutionConfigurationPlatforms) = preSolution
		Debug|Any CPU = Debug|Any CPU
		Release|Any CPU = Release|Any CPU
	EndGlobalSection
	GlobalSection(ProjectConfigurationPlatforms) = postSolution
		{D70AACEC-D324-4E7E-8F42-ACFA915AE843}.Debug|Any CPU.ActiveCfg = Debug|Any CPU
		{D70AACEC-D324-4E7E-8F42-ACFA915AE843}.Debug|Any CPU.Build.0 = Debug|Any CPU
		{D70AACEC-D324-4E7E-8F42-ACFA915AE843}.Release|Any CPU.ActiveCfg = Release|Any CPU
		{D70AACEC-D324-4E7E-8F42-ACFA915AE843}.Release|Any CPU.Build.0 = Release|Any CPU
	EndGlobalSection
	GlobalSection(SolutionProperties) = preSolution
		HideSolutionNode = FALSE
	EndGlobalSection
	GlobalSection(ExtensibilityGlobals) = postSolution
		SolutionGuid = {8F15CC87-55CD-472D-BEB3-D29DEBDDAE48}
	EndGlobalSection
EndGlobal
